
Microsoft Visual Studio Solution File, Format Version 12.00
# Visual Studio 14
VisualStudioVersion = 14.0.25420.1
MinimumVisualStudioVersion = 10.0.40219.1
Project("{FAE04EC0-301F-11D3-BF4B-00C04F79EFBC}") = "DSS", "DSS\DSS.csproj", "{00AA380A-827B-45ED-9C9B-C939773382F4}"
EndProject
Project("{FAE04EC0-301F-11D3-BF4B-00C04F79EFBC}") = "Repo", "Repo\Repo.csproj", "{A859DE58-D1B0-4AA9-93F8-C2C35F9D7165}"
EndProject
Global
	GlobalSection(SolutionConfigurationPlatforms) = preSolution
		Debug|Any CPU = Debug|Any CPU
		Release|Any CPU = Release|Any CPU
	EndGlobalSection
	GlobalSection(ProjectConfigurationPlatforms) = postSolution
		{00AA380A-827B-45ED-9C9B-C939773382F4}.Debug|Any CPU.ActiveCfg = Debug|Any CPU
		{00AA380A-827B-45ED-9C9B-C939773382F4}.Debug|Any CPU.Build.0 = Debug|Any CPU
		{00AA380A-827B-45ED-9C9B-C939773382F4}.Release|Any CPU.ActiveCfg = Release|Any CPU
		{00AA380A-827B-45ED-9C9B-C939773382F4}.Release|Any CPU.Build.0 = Release|Any CPU
		{A859DE58-D1B0-4AA9-93F8-C2C35F9D7165}.Debug|Any CPU.ActiveCfg = Debug|Any CPU
		{A859DE58-D1B0-4AA9-93F8-C2C35F9D7165}.Debug|Any CPU.Build.0 = Debug|Any CPU
		{A859DE58-D1B0-4AA9-93F8-C2C35F9D7165}.Release|Any CPU.ActiveCfg = Release|Any CPU
		{A859DE58-D1B0-4AA9-93F8-C2C35F9D7165}.Release|Any CPU.Build.0 = Release|Any CPU
	EndGlobalSection
	GlobalSection(SolutionProperties) = preSolution
		HideSolutionNode = FALSE
	EndGlobalSection
EndGlobal
